
Microsoft Visual Studio Solution File, Format Version 12.00
Project("{FAE04EC0-301F-11D3-BF4B-00C04F79EFBC}") = "CSharp.Data.Structures.Domain", "CSharp.Data.Structures.Domain\CSharp.Data.Structures.Domain.csproj", "{6AE861EB-E870-456F-8B01-0312FBD87ABA}"
EndProject
Project("{FAE04EC0-301F-11D3-BF4B-00C04F79EFBC}") = "CSharp.Data.Structures.App", "CSharp.Data.Structures.App\CSharp.Data.Structures.App.csproj", "{46C26F6A-BB42-4147-96DD-2479D953E7C5}"
EndProject
Global
	GlobalSection(SolutionConfigurationPlatforms) = preSolution
		Debug|Any CPU = Debug|Any CPU
		Release|Any CPU = Release|Any CPU
	EndGlobalSection
	GlobalSection(ProjectConfigurationPlatforms) = postSolution
		{6AE861EB-E870-456F-8B01-0312FBD87ABA}.Debug|Any CPU.ActiveCfg = Debug|Any CPU
		{6AE861EB-E870-456F-8B01-0312FBD87ABA}.Debug|Any CPU.Build.0 = Debug|Any CPU
		{6AE861EB-E870-456F-8B01-0312FBD87ABA}.Release|Any CPU.ActiveCfg = Release|Any CPU
		{6AE861EB-E870-456F-8B01-0312FBD87ABA}.Release|Any CPU.Build.0 = Release|Any CPU
		{46C26F6A-BB42-4147-96DD-2479D953E7C5}.Debug|Any CPU.ActiveCfg = Debug|Any CPU
		{46C26F6A-BB42-4147-96DD-2479D953E7C5}.Debug|Any CPU.Build.0 = Debug|Any CPU
		{46C26F6A-BB42-4147-96DD-2479D953E7C5}.Release|Any CPU.ActiveCfg = Release|Any CPU
		{46C26F6A-BB42-4147-96DD-2479D953E7C5}.Release|Any CPU.Build.0 = Release|Any CPU
	EndGlobalSection
EndGlobal
